
Microsoft Visual Studio Solution File, Format Version 12.00
# Visual Studio Version 16
VisualStudioVersion = 16.0.29411.108
MinimumVisualStudioVersion = 10.0.40219.1
Project("{FAE04EC0-301F-11D3-BF4B-00C04F79EFBC}") = "AgeCalc_01", "AgeCalc_01\AgeCalc_01.csproj", "{7FE1DB89-CCE2-4E41-AD26-0A0B344BCA60}"
EndProject
Global
	GlobalSection(SolutionConfigurationPlatforms) = preSolution
		Debug|Any CPU = Debug|Any CPU
		Release|Any CPU = Release|Any CPU
	EndGlobalSection
	GlobalSection(ProjectConfigurationPlatforms) = postSolution
		{7FE1DB89-CCE2-4E41-AD26-0A0B344BCA60}.Debug|Any CPU.ActiveCfg = Debug|Any CPU
		{7FE1DB89-CCE2-4E41-AD26-0A0B344BCA60}.Debug|Any CPU.Build.0 = Debug|Any CPU
		{7FE1DB89-CCE2-4E41-AD26-0A0B344BCA60}.Release|Any CPU.ActiveCfg = Release|Any CPU
		{7FE1DB89-CCE2-4E41-AD26-0A0B344BCA60}.Release|Any CPU.Build.0 = Release|Any CPU
	EndGlobalSection
	GlobalSection(SolutionProperties) = preSolution
		HideSolutionNode = FALSE
	EndGlobalSection
	GlobalSection(ExtensibilityGlobals) = postSolution
		SolutionGuid = {C59EE00D-0EAA-407E-91E2-505CFF44D178}
	EndGlobalSection
EndGlobal
